github.com/Jjmgx/mgxdao v0.0.0-20200401022151-56dd892b5f9a h1:SwRMsjqvTtdhBb2TxTen0QlelYH8fs+Le0boaPEMnzU=
github.com/Jjmgx/mgxdao v0.0.0-20200401022151-56dd892b5f9a/go.mod h1:m5Dhue4oyLQjzq5CJxWLaRlprFFf2Z1h56ZMFHm/p7o=
github.com/axgle/mahonia v0.0.0-20180208002826-3358181d7394 h1:OYA+5W64v3OgClL+IrOD63t4i/RW7RqrAVl9LTZ9UqQ=
github.com/axgle/mahonia v0.0.0-20180208002826-3358181d7394/go.mod h1:Q8n74mJTIgjX4RBBcHnJ05h//6/k6foqmgE45jTQtxg=
github.com/go-sql-driver/mysql v1.4.1 h1:g24URVg0OFbNUTx9qqY1IRZ9D9z3iPyi5zKhQZpNwpA=
github.com/go-sql-driver/mysql v1.4.1/go.mod h1:zAC/RDZ24gD3HViQzih4MyKcchzm+sOG5ZlKdlhCg5w=
